
Microsoft Visual Studio Solution File, Format Version 12.00
# Visual Studio Version 17
VisualStudioVersion = 17.10.34928.147
MinimumVisualStudioVersion = 10.0.40219.1
Project("{FAE04EC0-301F-11D3-BF4B-00C04F79EFBC}") = "lab3", "lab3\lab3.csproj", "{686935AB-7728-476A-80D7-83215FE188CB}"
EndProject
Global
	GlobalSection(SolutionConfigurationPlatforms) = preSolution
		Debug|Any CPU = Debug|Any CPU
		Release|Any CPU = Release|Any CPU
	EndGlobalSection
	GlobalSection(ProjectConfigurationPlatforms) = postSolution
		{686935AB-7728-476A-80D7-83215FE188CB}.Debug|Any CPU.ActiveCfg = Debug|Any CPU
		{686935AB-7728-476A-80D7-83215FE188CB}.Debug|Any CPU.Build.0 = Debug|Any CPU
		{686935AB-7728-476A-80D7-83215FE188CB}.Release|Any CPU.ActiveCfg = Release|Any CPU
		{686935AB-7728-476A-80D7-83215FE188CB}.Release|Any CPU.Build.0 = Release|Any CPU
	EndGlobalSection
	GlobalSection(SolutionProperties) = preSolution
		HideSolutionNode = FALSE
	EndGlobalSection
	GlobalSection(ExtensibilityGlobals) = postSolution
		SolutionGuid = {9CABB500-F7EF-44EA-A3A4-C20B3A679362}
	EndGlobalSection
EndGlobal
